{
  "name": "icee-ui",
  "version": "1.0.0",
  "lockfileVersion": 3,
  "requires": true,
  "packages": {
    "": {
      "name": "icee-ui",
      "version": "1.0.0",
      "license": "ISC",
      "dependencies": {
        "@element-plus/icons-vue": "^2.0.6",
        "@vueuse/core": "^9.1.0",
        "async-validator": "^4.2.5"
      },
      "devDependencies": {}
    },
    "../../node_modules/.pnpm/vue@3.3.8_typescript@5.1.3/node_modules/vue": {
      "version": "3.3.8",
      "license": "MIT",
      "peer": true,
      "dependencies": {
        "@vue/compiler-dom": "3.3.8",
        "@vue/compiler-sfc": "3.3.8",
        "@vue/runtime-dom": "3.3.8",
        "@vue/server-renderer": "3.3.8",
        "@vue/shared": "3.3.8"
      },
      "peerDependencies": {
        "typescript": "*"
      },
      "peerDependenciesMeta": {
        "typescript": {
          "optional": true
        }
      }
    },
    "node_modules/@element-plus/icons-vue": {
      "version": "2.3.1",
      "resolved": "https://registry.npmjs.org/@element-plus/icons-vue/-/icons-vue-2.3.1.tgz",
      "integrity": "sha512-XxVUZv48RZAd87ucGS48jPf6pKu0yV5UCg9f4FFwtrYxXOwWuVJo6wOvSLKEoMQKjv8GsX/mhP6UsC1lRwbUWg==",
      "peerDependencies": {
        "vue": "^3.2.0"
      }
    },
    "node_modules/@types/web-bluetooth": {
      "version": "0.0.16",
      "resolved": "https://registry.npmjs.org/@types/web-bluetooth/-/web-bluetooth-0.0.16.tgz",
      "integrity": "sha512-oh8q2Zc32S6gd/j50GowEjKLoOVOwHP/bWVjKJInBwQqdOYMdPrf1oVlelTlyfFK3CKxL1uahMDAr+vy8T7yMQ=="
    },
    "node_modules/@vueuse/core": {
      "version": "9.13.0",
      "resolved": "https://registry.npmjs.org/@vueuse/core/-/core-9.13.0.tgz",
      "integrity": "sha512-pujnclbeHWxxPRqXWmdkKV5OX4Wk4YeK7wusHqRwU0Q7EFusHoqNA/aPhB6KCh9hEqJkLAJo7bb0Lh9b+OIVzw==",
      "dependencies": {
        "@types/web-bluetooth": "^0.0.16",
        "@vueuse/metadata": "9.13.0",
        "@vueuse/shared": "9.13.0",
        "vue-demi": "*"
      },
      "funding": {
        "url": "https://github.com/sponsors/antfu"
      }
    },
    "node_modules/@vueuse/core/node_modules/vue-demi": {
      "version": "0.14.6",
      "resolved": "https://registry.npmjs.org/vue-demi/-/vue-demi-0.14.6.tgz",
      "integrity": "sha512-8QA7wrYSHKaYgUxDA5ZC24w+eHm3sYCbp0EzcDwKqN3p6HqtTCGR/GVsPyZW92unff4UlcSh++lmqDWN3ZIq4w==",
      "hasInstallScript": true,
      "bin": {
        "vue-demi-fix": "bin/vue-demi-fix.js",
        "vue-demi-switch": "bin/vue-demi-switch.js"
      },
      "engines": {
        "node": ">=12"
      },
      "funding": {
        "url": "https://github.com/sponsors/antfu"
      },
      "peerDependencies": {
        "@vue/composition-api": "^1.0.0-rc.1",
        "vue": "^3.0.0-0 || ^2.6.0"
      },
      "peerDependenciesMeta": {
        "@vue/composition-api": {
          "optional": true
        }
      }
    },
    "node_modules/@vueuse/metadata": {
      "version": "9.13.0",
      "resolved": "https://registry.npmjs.org/@vueuse/metadata/-/metadata-9.13.0.tgz",
      "integrity": "sha512-gdU7TKNAUVlXXLbaF+ZCfte8BjRJQWPCa2J55+7/h+yDtzw3vOoGQDRXzI6pyKyo6bXFT5/QoPE4hAknExjRLQ==",
      "funding": {
        "url": "https://github.com/sponsors/antfu"
      }
    },
    "node_modules/@vueuse/shared": {
      "version": "9.13.0",
      "resolved": "https://registry.npmjs.org/@vueuse/shared/-/shared-9.13.0.tgz",
      "integrity": "sha512-UrnhU+Cnufu4S6JLCPZnkWh0WwZGUp72ktOF2DFptMlOs3TOdVv8xJN53zhHGARmVOsz5KqOls09+J1NR6sBKw==",
      "dependencies": {
        "vue-demi": "*"
      },
      "funding": {
        "url": "https://github.com/sponsors/antfu"
      }
    },
    "node_modules/@vueuse/shared/node_modules/vue-demi": {
      "version": "0.14.6",
      "resolved": "https://registry.npmjs.org/vue-demi/-/vue-demi-0.14.6.tgz",
      "integrity": "sha512-8QA7wrYSHKaYgUxDA5ZC24w+eHm3sYCbp0EzcDwKqN3p6HqtTCGR/GVsPyZW92unff4UlcSh++lmqDWN3ZIq4w==",
      "hasInstallScript": true,
      "bin": {
        "vue-demi-fix": "bin/vue-demi-fix.js",
        "vue-demi-switch": "bin/vue-demi-switch.js"
      },
      "engines": {
        "node": ">=12"
      },
      "funding": {
        "url": "https://github.com/sponsors/antfu"
      },
      "peerDependencies": {
        "@vue/composition-api": "^1.0.0-rc.1",
        "vue": "^3.0.0-0 || ^2.6.0"
      },
      "peerDependenciesMeta": {
        "@vue/composition-api": {
          "optional": true
        }
      }
    },
    "node_modules/async-validator": {
      "version": "4.2.5",
      "resolved": "https://registry.npmjs.org/async-validator/-/async-validator-4.2.5.tgz",
      "integrity": "sha512-7HhHjtERjqlNbZtqNqy2rckN/SpOOlmDliet+lP7k+eKZEjPk3DgyeU9lIXLdeLz0uBbbVp+9Qdow9wJWgwwfg=="
    },
    "node_modules/vue": {
      "resolved": "../../node_modules/.pnpm/vue@3.3.8_typescript@5.1.3/node_modules/vue",
      "link": true
    }
  }
}
