{
  "name": "play",
  "version": "0.0.0",
  "lockfileVersion": 3,
  "requires": true,
  "packages": {
    "": {
      "name": "play",
      "version": "0.0.0",
      "dependencies": {
        "vue": "^3.3.8"
      },
      "devDependencies": {
        "@vitejs/plugin-vue": "^4.1.0",
        "unplugin-vue-macros": "^2.7.0",
        "vite": "^4.5.0",
        "vite-plugin-inspect": "^0.7.42"
      }
    },
    "../node_modules/.pnpm/@vitejs+plugin-vue@4.2.3_vite@4.5.0_vue@3.3.8/node_modules/@vitejs/plugin-vue": {
      "version": "4.2.3",
      "dev": true,
      "license": "MIT",
      "devDependencies": {
        "@jridgewell/gen-mapping": "^0.3.2",
        "@jridgewell/trace-mapping": "^0.3.17",
        "debug": "^4.3.4",
        "rollup": "^3.17.2",
        "slash": "^5.0.0",
        "source-map": "^0.6.1",
        "vite": "^4.3.5",
        "vue": "^3.3.0-beta.5"
      },
      "engines": {
        "node": "^14.18.0 || >=16.0.0"
      },
      "peerDependencies": {
        "vite": "^4.0.0",
        "vue": "^3.2.25"
      }
    },
    "../node_modules/.pnpm/unplugin-vue-macros@2.7.0_typescript@5.1.3_vite@4.5.0_vue@3.3.8/node_modules/unplugin-vue-macros": {
      "version": "2.7.0",
      "dev": true,
      "license": "MIT",
      "dependencies": {
        "@vue-macros/better-define": "1.7.0",
        "@vue-macros/boolean-prop": "0.3.0",
        "@vue-macros/chain-call": "^0.2.0",
        "@vue-macros/common": "1.9.0",
        "@vue-macros/define-emit": "^0.2.0",
        "@vue-macros/define-models": "1.2.0",
        "@vue-macros/define-prop": "^0.3.0",
        "@vue-macros/define-props": "2.0.0",
        "@vue-macros/define-props-refs": "1.2.0",
        "@vue-macros/define-render": "1.5.0",
        "@vue-macros/define-slots": "1.1.0",
        "@vue-macros/devtools": "^0.2.0",
        "@vue-macros/export-expose": "0.1.0",
        "@vue-macros/export-props": "0.4.0",
        "@vue-macros/export-render": "0.2.0",
        "@vue-macros/hoist-static": "1.5.0",
        "@vue-macros/jsx-directive": "0.7.0",
        "@vue-macros/named-template": "0.4.0",
        "@vue-macros/reactivity-transform": "0.4.0",
        "@vue-macros/setup-block": "0.3.0",
        "@vue-macros/setup-component": "0.17.0",
        "@vue-macros/setup-sfc": "0.17.0",
        "@vue-macros/short-bind": "0.2.0",
        "@vue-macros/short-emits": "1.5.0",
        "@vue-macros/short-vmodel": "1.4.0",
        "unplugin": "^1.5.1",
        "unplugin-combine": "^0.8.1",
        "unplugin-vue-define-options": "1.4.0"
      },
      "devDependencies": {
        "esbuild": "^0.19.5",
        "vue": "^3.3.8"
      },
      "engines": {
        "node": ">=16.14.0"
      },
      "peerDependencies": {
        "vue": "^2.7.0 || ^3.2.25"
      }
    },
    "../node_modules/.pnpm/vite-plugin-inspect@0.7.42_vite@4.5.0/node_modules/vite-plugin-inspect": {
      "version": "0.7.42",
      "dev": true,
      "license": "MIT",
      "dependencies": {
        "@antfu/utils": "^0.7.6",
        "@rollup/pluginutils": "^5.0.5",
        "debug": "^4.3.4",
        "error-stack-parser-es": "^0.1.1",
        "fs-extra": "^11.1.1",
        "open": "^9.1.0",
        "picocolors": "^1.0.0",
        "sirv": "^2.0.3"
      },
      "devDependencies": {
        "@antfu/eslint-config": "^1.1.0",
        "@antfu/ni": "^0.21.8",
        "@iconify/json": "^2.2.139",
        "@nuxt/kit": "^3.8.1",
        "@types/codemirror": "^5.60.13",
        "@types/debug": "^4.1.12",
        "@types/diff-match-patch": "^1.0.36",
        "@types/fs-extra": "^11.0.4",
        "@types/node": "^20.9.0",
        "@unocss/eslint-config": "^0.57.2",
        "@unocss/eslint-plugin": "^0.57.2",
        "@vitejs/plugin-vue": "^4.4.1",
        "@vue/compiler-sfc": "^3.3.8",
        "@vueuse/core": "^10.5.0",
        "@vueuse/router": "^10.5.0",
        "bumpp": "^9.2.0",
        "codemirror": "^5.65.8",
        "codemirror-theme-vars": "^0.1.2",
        "comlink": "^4.4.1",
        "cross-env": "^7.0.3",
        "diff-match-patch": "^1.0.5",
        "echarts": "^5.4.3",
        "eslint": "^8.53.0",
        "esno": "^0.17.0",
        "fuse.js": "^7.0.0",
        "lint-staged": "^15.0.2",
        "npm-run-all": "^4.1.5",
        "ohash": "^1.1.3",
        "prism-theme-vars": "^0.2.4",
        "rimraf": "^5.0.5",
        "simple-git-hooks": "^2.9.0",
        "splitpanes": "^3.1.5",
        "typescript": "^5.2.2",
        "unbuild": "^2.0.0",
        "unocss": "^0.57.2",
        "unplugin-auto-import": "^0.16.7",
        "unplugin-vue-components": "^0.25.2",
        "vis-data": "7.1.7",
        "vis-network": "9.1.6",
        "vite": "^4.5.0",
        "vite-dev-rpc": "^0.1.2",
        "vite-hot-client": "^0.2.2",
        "vite-plugin-pages": "^0.31.0",
        "vue": "^3.3.8",
        "vue-echarts": "^6.6.1",
        "vue-router": "^4.2.5",
        "vue-tsc": "^1.8.22"
      },
      "engines": {
        "node": ">=14"
      },
      "funding": {
        "url": "https://github.com/sponsors/antfu"
      },
      "peerDependencies": {
        "vite": "^3.1.0 || ^4.0.0 || ^5.0.0-0"
      },
      "peerDependenciesMeta": {
        "@nuxt/kit": {
          "optional": true
        }
      }
    },
    "../node_modules/.pnpm/vite@4.5.0_@types+node@20.2.5_sass@1.63.3/node_modules/vite": {
      "version": "4.5.0",
      "dev": true,
      "license": "MIT",
      "dependencies": {
        "esbuild": "^0.18.10",
        "postcss": "^8.4.27",
        "rollup": "^3.27.1"
      },
      "bin": {
        "vite": "bin/vite.js"
      },
      "devDependencies": {
        "@ampproject/remapping": "^2.2.1",
        "@babel/parser": "^7.22.7",
        "@babel/types": "^7.22.5",
        "@jridgewell/trace-mapping": "^0.3.18",
        "@rollup/plugin-alias": "^4.0.4",
        "@rollup/plugin-commonjs": "^25.0.3",
        "@rollup/plugin-dynamic-import-vars": "^2.0.4",
        "@rollup/plugin-json": "^6.0.0",
        "@rollup/plugin-node-resolve": "15.1.0",
        "@rollup/plugin-typescript": "^11.1.2",
        "@rollup/pluginutils": "^5.0.2",
        "@types/escape-html": "^1.0.2",
        "@types/pnpapi": "^0.0.2",
        "acorn": "^8.10.0",
        "acorn-walk": "^8.2.0",
        "cac": "^6.7.14",
        "chokidar": "^3.5.3",
        "connect": "^3.7.0",
        "connect-history-api-fallback": "^2.0.0",
        "convert-source-map": "^2.0.0",
        "cors": "^2.8.5",
        "cross-spawn": "^7.0.3",
        "debug": "^4.3.4",
        "dep-types": "link:./src/types",
        "dotenv": "^16.3.1",
        "dotenv-expand": "^9.0.0",
        "es-module-lexer": "^1.3.0",
        "escape-html": "^1.0.3",
        "estree-walker": "^3.0.3",
        "etag": "^1.8.1",
        "fast-glob": "^3.3.1",
        "http-proxy": "^1.18.1",
        "json-stable-stringify": "^1.0.2",
        "launch-editor-middleware": "^2.6.0",
        "lightningcss": "^1.21.5",
        "magic-string": "^0.30.2",
        "micromatch": "^4.0.5",
        "mlly": "^1.4.0",
        "mrmime": "^1.0.1",
        "okie": "^1.0.1",
        "open": "^8.4.2",
        "parse5": "^7.1.2",
        "periscopic": "^3.1.0",
        "picocolors": "^1.0.0",
        "picomatch": "^2.3.1",
        "postcss-import": "^15.1.0",
        "postcss-load-config": "^4.0.1",
        "postcss-modules": "^6.0.0",
        "resolve.exports": "^2.0.2",
        "rollup-plugin-license": "^3.0.1",
        "sirv": "^2.0.3",
        "source-map-support": "^0.5.21",
        "strip-ansi": "^7.1.0",
        "strip-literal": "^1.3.0",
        "tsconfck": "^2.1.2",
        "tslib": "^2.6.1",
        "types": "link:./types",
        "ufo": "^1.2.0",
        "ws": "^8.13.0"
      },
      "engines": {
        "node": "^14.18.0 || >=16.0.0"
      },
      "funding": {
        "url": "https://github.com/vitejs/vite?sponsor=1"
      },
      "optionalDependencies": {
        "fsevents": "~2.3.2"
      },
      "peerDependencies": {
        "@types/node": ">= 14",
        "less": "*",
        "lightningcss": "^1.21.0",
        "sass": "*",
        "stylus": "*",
        "sugarss": "*",
        "terser": "^5.4.0"
      },
      "peerDependenciesMeta": {
        "@types/node": {
          "optional": true
        },
        "less": {
          "optional": true
        },
        "lightningcss": {
          "optional": true
        },
        "sass": {
          "optional": true
        },
        "stylus": {
          "optional": true
        },
        "sugarss": {
          "optional": true
        },
        "terser": {
          "optional": true
        }
      }
    },
    "../node_modules/.pnpm/vue@3.3.8_typescript@5.1.3/node_modules/vue": {
      "version": "3.3.8",
      "license": "MIT",
      "dependencies": {
        "@vue/compiler-dom": "3.3.8",
        "@vue/compiler-sfc": "3.3.8",
        "@vue/runtime-dom": "3.3.8",
        "@vue/server-renderer": "3.3.8",
        "@vue/shared": "3.3.8"
      },
      "peerDependencies": {
        "typescript": "*"
      },
      "peerDependenciesMeta": {
        "typescript": {
          "optional": true
        }
      }
    },
    "../packages/icee-ui": {
      "version": "1.0.0",
      "extraneous": true,
      "license": "ISC",
      "dependencies": {
        "@element-plus/icons-vue": "^2.0.6",
        "@vueuse/core": "^9.1.0",
        "async-validator": "^4.2.5"
      },
      "devDependencies": {}
    },
    "node_modules/@vitejs/plugin-vue": {
      "resolved": "../node_modules/.pnpm/@vitejs+plugin-vue@4.2.3_vite@4.5.0_vue@3.3.8/node_modules/@vitejs/plugin-vue",
      "link": true
    },
    "node_modules/unplugin-vue-macros": {
      "resolved": "../node_modules/.pnpm/unplugin-vue-macros@2.7.0_typescript@5.1.3_vite@4.5.0_vue@3.3.8/node_modules/unplugin-vue-macros",
      "link": true
    },
    "node_modules/vite": {
      "resolved": "../node_modules/.pnpm/vite@4.5.0_@types+node@20.2.5_sass@1.63.3/node_modules/vite",
      "link": true
    },
    "node_modules/vite-plugin-inspect": {
      "resolved": "../node_modules/.pnpm/vite-plugin-inspect@0.7.42_vite@4.5.0/node_modules/vite-plugin-inspect",
      "link": true
    },
    "node_modules/vue": {
      "resolved": "../node_modules/.pnpm/vue@3.3.8_typescript@5.1.3/node_modules/vue",
      "link": true
    }
  }
}
